
Microsoft Visual Studio Solution File, Format Version 12.00
# Visual Studio Version 17
VisualStudioVersion = 17.1.32210.238
MinimumVisualStudioVersion = 10.0.40219.1
Project("{FAE04EC0-301F-11D3-BF4B-00C04F79EFBC}") = "Application", "XUnitTesting\Application.csproj", "{C26D76F0-D23E-4A52-A12E-DF1280788F07}"
EndProject
Project("{FAE04EC0-301F-11D3-BF4B-00C04F79EFBC}") = "Application.Test", "Application.Test\Application.Test.csproj", "{35FA65FC-638D-4EF6-914C-71BB8D5DB413}"
EndProject
Global
	GlobalSection(SolutionConfigurationPlatforms) = preSolution
		Debug|Any CPU = Debug|Any CPU
		Release|Any CPU = Release|Any CPU
	EndGlobalSection
	GlobalSection(ProjectConfigurationPlatforms) = postSolution
		{C26D76F0-D23E-4A52-A12E-DF1280788F07}.Debug|Any CPU.ActiveCfg = Debug|Any CPU
		{C26D76F0-D23E-4A52-A12E-DF1280788F07}.Debug|Any CPU.Build.0 = Debug|Any CPU
		{C26D76F0-D23E-4A52-A12E-DF1280788F07}.Release|Any CPU.ActiveCfg = Release|Any CPU
		{C26D76F0-D23E-4A52-A12E-DF1280788F07}.Release|Any CPU.Build.0 = Release|Any CPU
		{35FA65FC-638D-4EF6-914C-71BB8D5DB413}.Debug|Any CPU.ActiveCfg = Debug|Any CPU
		{35FA65FC-638D-4EF6-914C-71BB8D5DB413}.Debug|Any CPU.Build.0 = Debug|Any CPU
		{35FA65FC-638D-4EF6-914C-71BB8D5DB413}.Release|Any CPU.ActiveCfg = Release|Any CPU
		{35FA65FC-638D-4EF6-914C-71BB8D5DB413}.Release|Any CPU.Build.0 = Release|Any CPU
	EndGlobalSection
	GlobalSection(SolutionProperties) = preSolution
		HideSolutionNode = FALSE
	EndGlobalSection
	GlobalSection(ExtensibilityGlobals) = postSolution
		SolutionGuid = {38683AC6-29AB-4762-8707-F49C706D8045}
	EndGlobalSection
EndGlobal
