
Microsoft Visual Studio Solution File, Format Version 12.00
# Visual Studio Version 17
VisualStudioVersion = 17.1.32210.238
MinimumVisualStudioVersion = 10.0.40219.1
Project("{FAE04EC0-301F-11D3-BF4B-00C04F79EFBC}") = "MediatRProject", "MediatRProject\MediatRProject.csproj", "{7E4D0E89-CD08-44F0-92D4-FAD2FF8AECAC}"
EndProject
Global
	GlobalSection(SolutionConfigurationPlatforms) = preSolution
		Debug|Any CPU = Debug|Any CPU
		Release|Any CPU = Release|Any CPU
	EndGlobalSection
	GlobalSection(ProjectConfigurationPlatforms) = postSolution
		{7E4D0E89-CD08-44F0-92D4-FAD2FF8AECAC}.Debug|Any CPU.ActiveCfg = Debug|Any CPU
		{7E4D0E89-CD08-44F0-92D4-FAD2FF8AECAC}.Debug|Any CPU.Build.0 = Debug|Any CPU
		{7E4D0E89-CD08-44F0-92D4-FAD2FF8AECAC}.Release|Any CPU.ActiveCfg = Release|Any CPU
		{7E4D0E89-CD08-44F0-92D4-FAD2FF8AECAC}.Release|Any CPU.Build.0 = Release|Any CPU
	EndGlobalSection
	GlobalSection(SolutionProperties) = preSolution
		HideSolutionNode = FALSE
	EndGlobalSection
	GlobalSection(ExtensibilityGlobals) = postSolution
		SolutionGuid = {E90DFCCF-2A2C-4822-8A96-F0D67B9CF5B1}
	EndGlobalSection
EndGlobal
